
Microsoft Visual Studio Solution File, Format Version 12.00
# Visual Studio Version 17
VisualStudioVersion = 17.2.32526.322
MinimumVisualStudioVersion = 10.0.40219.1
Project("{FAE04EC0-301F-11D3-BF4B-00C04F79EFBC}") = "HomeWork1.ADO.NET", "HomeWork1.ADO.NET.csproj", "{7AFFF032-AE80-4EE6-BC12-32522676FBC0}"
EndProject
Global
	GlobalSection(SolutionConfigurationPlatforms) = preSolution
		Debug|Any CPU = Debug|Any CPU
		Release|Any CPU = Release|Any CPU
	EndGlobalSection
	GlobalSection(ProjectConfigurationPlatforms) = postSolution
		{7AFFF032-AE80-4EE6-BC12-32522676FBC0}.Debug|Any CPU.ActiveCfg = Debug|Any CPU
		{7AFFF032-AE80-4EE6-BC12-32522676FBC0}.Debug|Any CPU.Build.0 = Debug|Any CPU
		{7AFFF032-AE80-4EE6-BC12-32522676FBC0}.Release|Any CPU.ActiveCfg = Release|Any CPU
		{7AFFF032-AE80-4EE6-BC12-32522676FBC0}.Release|Any CPU.Build.0 = Release|Any CPU
	EndGlobalSection
	GlobalSection(SolutionProperties) = preSolution
		HideSolutionNode = FALSE
	EndGlobalSection
	GlobalSection(ExtensibilityGlobals) = postSolution
		SolutionGuid = {E5063BA4-8481-4667-8F0E-7DF20AB1B8BF}
	EndGlobalSection
EndGlobal
